<?xml version="1.0" encoding="UTF-8" standalone="yes" ?>
<CodeBlocks_project_file>
	<FileVersion major="1" minor="6" />
	<Project>
		<Option title="Game v2.0" />
		<Option pch_mode="2" />
		<Option compiler="gcc" />
		<Build>
			<Target title="Debug">
				<Option output="bin/Debug/Game v2.0" prefix_auto="1" extension_auto="1" />
				<Option object_output="obj/Debug/" />
				<Option type="1" />
				<Option compiler="gcc" />
				<Compiler>
					<Add option="-g" />
					<Add directory="include" />
				</Compiler>
			</Target>
			<Target title="Release">
				<Option output="bin/Release/Game v2.0" prefix_auto="1" extension_auto="1" />
				<Option object_output="obj/Release/" />
				<Option type="1" />
				<Option compiler="gcc" />
				<Compiler>
					<Add option="-O2" />
					<Add directory="include" />
				</Compiler>
				<Linker>
					<Add option="-s" />
				</Linker>
			</Target>
		</Build>
		<Compiler>
			<Add option="-Wall" />
			<Add option="-fexceptions" />
		</Compiler>
		<Unit filename="include/Admin.h" />
		<Unit filename="include/Complete.h" />
		<Unit filename="include/MCQ.h" />
		<Unit filename="include/Player.h" />
		<Unit filename="include/Question.h" />
		<Unit filename="include/Quiz.h" />
		<Unit filename="include/Statistics.h" />
		<Unit filename="include/TF.h" />
		<Unit filename="include/User.h" />
		<Unit filename="main.cpp" />
		<Unit filename="src/Admin.cpp" />
		<Unit filename="src/Complete.cpp" />
		<Unit filename="src/MCQ.cpp" />
		<Unit filename="src/Player.cpp" />
		<Unit filename="src/Question.cpp" />
		<Unit filename="src/Quiz.cpp" />
		<Unit filename="src/Statistics.cpp" />
		<Unit filename="src/TF.cpp" />
		<Unit filename="src/User.cpp" />
		<Extensions>
			<code_completion />
			<envvars />
			<debugger />
			<lib_finder disable_auto="1" />
		</Extensions>
	</Project>
</CodeBlocks_project_file>
